
Microsoft Visual Studio Solution File, Format Version 12.00
# Visual Studio Version 17
VisualStudioVersion = 17.9.34622.214
MinimumVisualStudioVersion = 10.0.40219.1
Project("{9A19103F-16F7-4668-BE54-9A1E7A4F7556}") = "WindowsForms", "WindowsForms.csproj", "{BA4CB2B0-73CA-4EAA-A26D-DBB37D90A5DE}"
EndProject
Project("{FAE04EC0-301F-11D3-BF4B-00C04F79EFBC}") = "DataHandler", "..\Data\DataHandler.csproj", "{042F17E8-F32B-455B-8512-18F6F5CC1B32}"
EndProject
Project("{FAE04EC0-301F-11D3-BF4B-00C04F79EFBC}") = "WpfApp", "..\WpfApp\WpfApp.csproj", "{732F5974-7159-4F20-ACB6-AB9F3E9C77F9}"
EndProject
Global
	GlobalSection(SolutionConfigurationPlatforms) = preSolution
		Debug|Any CPU = Debug|Any CPU
		Release|Any CPU = Release|Any CPU
	EndGlobalSection
	GlobalSection(ProjectConfigurationPlatforms) = postSolution
		{BA4CB2B0-73CA-4EAA-A26D-DBB37D90A5DE}.Debug|Any CPU.ActiveCfg = Debug|Any CPU
		{BA4CB2B0-73CA-4EAA-A26D-DBB37D90A5DE}.Debug|Any CPU.Build.0 = Debug|Any CPU
		{BA4CB2B0-73CA-4EAA-A26D-DBB37D90A5DE}.Release|Any CPU.ActiveCfg = Release|Any CPU
		{BA4CB2B0-73CA-4EAA-A26D-DBB37D90A5DE}.Release|Any CPU.Build.0 = Release|Any CPU
		{042F17E8-F32B-455B-8512-18F6F5CC1B32}.Debug|Any CPU.ActiveCfg = Debug|Any CPU
		{042F17E8-F32B-455B-8512-18F6F5CC1B32}.Debug|Any CPU.Build.0 = Debug|Any CPU
		{042F17E8-F32B-455B-8512-18F6F5CC1B32}.Release|Any CPU.ActiveCfg = Release|Any CPU
		{042F17E8-F32B-455B-8512-18F6F5CC1B32}.Release|Any CPU.Build.0 = Release|Any CPU
		{732F5974-7159-4F20-ACB6-AB9F3E9C77F9}.Debug|Any CPU.ActiveCfg = Debug|Any CPU
		{732F5974-7159-4F20-ACB6-AB9F3E9C77F9}.Debug|Any CPU.Build.0 = Debug|Any CPU
		{732F5974-7159-4F20-ACB6-AB9F3E9C77F9}.Release|Any CPU.ActiveCfg = Release|Any CPU
		{732F5974-7159-4F20-ACB6-AB9F3E9C77F9}.Release|Any CPU.Build.0 = Release|Any CPU
	EndGlobalSection
	GlobalSection(SolutionProperties) = preSolution
		HideSolutionNode = FALSE
	EndGlobalSection
	GlobalSection(ExtensibilityGlobals) = postSolution
		SolutionGuid = {B5BA3D47-67A4-4547-B4F3-C80BD410472A}
	EndGlobalSection
EndGlobal
